
Microsoft Visual Studio Solution File, Format Version 12.00
# Visual Studio Version 16
VisualStudioVersion = 16.0.29613.14
MinimumVisualStudioVersion = 10.0.40219.1
Project("{9A19103F-16F7-4668-BE54-9A1E7A4F7556}") = "Estoque.MvcCore", "Controle_Estoque\Estoque.MvcCore.csproj", "{06DE3FB0-83AA-4C3E-933F-E049D90E6FCF}"
EndProject
Project("{2150E333-8FDC-42A3-9474-1A3956D46DE8}") = "0 - Client", "0 - Client", "{B44AB77C-4470-44FA-A3CC-D7C4B6C5D20C}"
EndProject
Project("{2150E333-8FDC-42A3-9474-1A3956D46DE8}") = "1 - Infra", "1 - Infra", "{9FC9F37E-466D-4026-9311-368DE1AAFE3F}"
EndProject
Project("{2150E333-8FDC-42A3-9474-1A3956D46DE8}") = "2 - Application", "2 - Application", "{4B7D79E3-A694-45E3-8B27-FD2B0A787E40}"
EndProject
Project("{2150E333-8FDC-42A3-9474-1A3956D46DE8}") = "3 - Domain", "3 - Domain", "{976034D1-66EF-40C4-B34B-8D7B09B86723}"
EndProject
Project("{2150E333-8FDC-42A3-9474-1A3956D46DE8}") = "1.1 - CrossCutting", "1.1 - CrossCutting", "{5382B870-061A-4EC2-83E6-48E5A2F6DE0F}"
EndProject
Project("{2150E333-8FDC-42A3-9474-1A3956D46DE8}") = "1.2 - Data", "1.2 - Data", "{207CB211-2530-40CC-A1EB-9E048B1A982C}"
EndProject
Project("{2150E333-8FDC-42A3-9474-1A3956D46DE8}") = "1.3 - Security", "1.3 - Security", "{5D5F1AF1-6995-474A-9B90-D5D9AA4A26DE}"
EndProject
Project("{2150E333-8FDC-42A3-9474-1A3956D46DE8}") = "1.1.1 - IoC", "1.1.1 - IoC", "{B1D11338-0F0D-4586-89F1-63FBF01AC7CA}"
EndProject
Project("{2150E333-8FDC-42A3-9474-1A3956D46DE8}") = "1.1.2 - Util", "1.1.2 - Util", "{8F5C55BB-33AF-477B-B0F0-023A4E67D93A}"
EndProject
Project("{9A19103F-16F7-4668-BE54-9A1E7A4F7556}") = "Estoque.Application", "Estoque.Application\Estoque.Application.csproj", "{B979D715-8F66-4F29-AAAC-2BBF8F516804}"
EndProject
Project("{9A19103F-16F7-4668-BE54-9A1E7A4F7556}") = "Estoque.Domain", "Estoque.Domain\Estoque.Domain.csproj", "{C9C3954F-C579-4E56-B82F-5851440B9228}"
EndProject
Project("{9A19103F-16F7-4668-BE54-9A1E7A4F7556}") = "Estoque.IoC", "Estoque.IoC\Estoque.IoC.csproj", "{A8052085-CDC6-4173-A8B1-81F32DE7CB20}"
EndProject
Project("{9A19103F-16F7-4668-BE54-9A1E7A4F7556}") = "Estoque.Util", "Estoque.Util\Estoque.Util.csproj", "{BECF197B-9A12-4618-8B0A-34E1849E646C}"
EndProject
Project("{9A19103F-16F7-4668-BE54-9A1E7A4F7556}") = "Estoque.EFData", "Estoque.EFData\Estoque.EFData.csproj", "{5CF707F5-2C65-437C-91EF-B2A62C0C6C42}"
EndProject
Project("{9A19103F-16F7-4668-BE54-9A1E7A4F7556}") = "Estoque.WebClientData", "Estoque.WebClientData\Estoque.WebClientData.csproj", "{53F5F5B6-C1B2-4825-8DAD-D2D661161054}"
EndProject
Project("{9A19103F-16F7-4668-BE54-9A1E7A4F7556}") = "Estoque.Security", "Estoque.Security\Estoque.Security.csproj", "{42AAC2A3-A87D-4DFF-8786-B6C006AAA85A}"
EndProject
Global
	GlobalSection(SolutionConfigurationPlatforms) = preSolution
		Debug|Any CPU = Debug|Any CPU
		Release|Any CPU = Release|Any CPU
	EndGlobalSection
	GlobalSection(ProjectConfigurationPlatforms) = postSolution
		{06DE3FB0-83AA-4C3E-933F-E049D90E6FCF}.Debug|Any CPU.ActiveCfg = Debug|Any CPU
		{06DE3FB0-83AA-4C3E-933F-E049D90E6FCF}.Debug|Any CPU.Build.0 = Debug|Any CPU
		{06DE3FB0-83AA-4C3E-933F-E049D90E6FCF}.Release|Any CPU.ActiveCfg = Release|Any CPU
		{06DE3FB0-83AA-4C3E-933F-E049D90E6FCF}.Release|Any CPU.Build.0 = Release|Any CPU
		{B979D715-8F66-4F29-AAAC-2BBF8F516804}.Debug|Any CPU.ActiveCfg = Debug|Any CPU
		{B979D715-8F66-4F29-AAAC-2BBF8F516804}.Debug|Any CPU.Build.0 = Debug|Any CPU
		{B979D715-8F66-4F29-AAAC-2BBF8F516804}.Release|Any CPU.ActiveCfg = Release|Any CPU
		{B979D715-8F66-4F29-AAAC-2BBF8F516804}.Release|Any CPU.Build.0 = Release|Any CPU
		{C9C3954F-C579-4E56-B82F-5851440B9228}.Debug|Any CPU.ActiveCfg = Debug|Any CPU
		{C9C3954F-C579-4E56-B82F-5851440B9228}.Debug|Any CPU.Build.0 = Debug|Any CPU
		{C9C3954F-C579-4E56-B82F-5851440B9228}.Release|Any CPU.ActiveCfg = Release|Any CPU
		{C9C3954F-C579-4E56-B82F-5851440B9228}.Release|Any CPU.Build.0 = Release|Any CPU
		{A8052085-CDC6-4173-A8B1-81F32DE7CB20}.Debug|Any CPU.ActiveCfg = Debug|Any CPU
		{A8052085-CDC6-4173-A8B1-81F32DE7CB20}.Debug|Any CPU.Build.0 = Debug|Any CPU
		{A8052085-CDC6-4173-A8B1-81F32DE7CB20}.Release|Any CPU.ActiveCfg = Release|Any CPU
		{A8052085-CDC6-4173-A8B1-81F32DE7CB20}.Release|Any CPU.Build.0 = Release|Any CPU
		{BECF197B-9A12-4618-8B0A-34E1849E646C}.Debug|Any CPU.ActiveCfg = Debug|Any CPU
		{BECF197B-9A12-4618-8B0A-34E1849E646C}.Debug|Any CPU.Build.0 = Debug|Any CPU
		{BECF197B-9A12-4618-8B0A-34E1849E646C}.Release|Any CPU.ActiveCfg = Release|Any CPU
		{BECF197B-9A12-4618-8B0A-34E1849E646C}.Release|Any CPU.Build.0 = Release|Any CPU
		{5CF707F5-2C65-437C-91EF-B2A62C0C6C42}.Debug|Any CPU.ActiveCfg = Debug|Any CPU
		{5CF707F5-2C65-437C-91EF-B2A62C0C6C42}.Debug|Any CPU.Build.0 = Debug|Any CPU
		{5CF707F5-2C65-437C-91EF-B2A62C0C6C42}.Release|Any CPU.ActiveCfg = Release|Any CPU
		{5CF707F5-2C65-437C-91EF-B2A62C0C6C42}.Release|Any CPU.Build.0 = Release|Any CPU
		{53F5F5B6-C1B2-4825-8DAD-D2D661161054}.Debug|Any CPU.ActiveCfg = Debug|Any CPU
		{53F5F5B6-C1B2-4825-8DAD-D2D661161054}.Debug|Any CPU.Build.0 = Debug|Any CPU
		{53F5F5B6-C1B2-4825-8DAD-D2D661161054}.Release|Any CPU.ActiveCfg = Release|Any CPU
		{53F5F5B6-C1B2-4825-8DAD-D2D661161054}.Release|Any CPU.Build.0 = Release|Any CPU
		{42AAC2A3-A87D-4DFF-8786-B6C006AAA85A}.Debug|Any CPU.ActiveCfg = Debug|Any CPU
		{42AAC2A3-A87D-4DFF-8786-B6C006AAA85A}.Debug|Any CPU.Build.0 = Debug|Any CPU
		{42AAC2A3-A87D-4DFF-8786-B6C006AAA85A}.Release|Any CPU.ActiveCfg = Release|Any CPU
		{42AAC2A3-A87D-4DFF-8786-B6C006AAA85A}.Release|Any CPU.Build.0 = Release|Any CPU
	EndGlobalSection
	GlobalSection(SolutionProperties) = preSolution
		HideSolutionNode = FALSE
	EndGlobalSection
	GlobalSection(NestedProjects) = preSolution
		{06DE3FB0-83AA-4C3E-933F-E049D90E6FCF} = {B44AB77C-4470-44FA-A3CC-D7C4B6C5D20C}
		{5382B870-061A-4EC2-83E6-48E5A2F6DE0F} = {9FC9F37E-466D-4026-9311-368DE1AAFE3F}
		{207CB211-2530-40CC-A1EB-9E048B1A982C} = {9FC9F37E-466D-4026-9311-368DE1AAFE3F}
		{5D5F1AF1-6995-474A-9B90-D5D9AA4A26DE} = {9FC9F37E-466D-4026-9311-368DE1AAFE3F}
		{B1D11338-0F0D-4586-89F1-63FBF01AC7CA} = {5382B870-061A-4EC2-83E6-48E5A2F6DE0F}
		{8F5C55BB-33AF-477B-B0F0-023A4E67D93A} = {5382B870-061A-4EC2-83E6-48E5A2F6DE0F}
		{B979D715-8F66-4F29-AAAC-2BBF8F516804} = {4B7D79E3-A694-45E3-8B27-FD2B0A787E40}
		{C9C3954F-C579-4E56-B82F-5851440B9228} = {976034D1-66EF-40C4-B34B-8D7B09B86723}
		{A8052085-CDC6-4173-A8B1-81F32DE7CB20} = {B1D11338-0F0D-4586-89F1-63FBF01AC7CA}
		{BECF197B-9A12-4618-8B0A-34E1849E646C} = {8F5C55BB-33AF-477B-B0F0-023A4E67D93A}
		{5CF707F5-2C65-437C-91EF-B2A62C0C6C42} = {207CB211-2530-40CC-A1EB-9E048B1A982C}
		{53F5F5B6-C1B2-4825-8DAD-D2D661161054} = {207CB211-2530-40CC-A1EB-9E048B1A982C}
		{42AAC2A3-A87D-4DFF-8786-B6C006AAA85A} = {5D5F1AF1-6995-474A-9B90-D5D9AA4A26DE}
	EndGlobalSection
	GlobalSection(ExtensibilityGlobals) = postSolution
		SolutionGuid = {0488AEF5-68B5-4A6F-AAAB-DB8EB918B420}
	EndGlobalSection
EndGlobal
